// !$*UTF8*$!
{
	archiveVersion = 1;
	classes = {
	};
	objectVersion = 46;
	objects = {

/* Begin PBXBuildFile section */
		1706B1D41AE7E915005C63E5 /* libsqlite3.dylib in Frameworks */ = {isa = PBXBuildFile; fileRef = 1706B1D31AE7E915005C63E5 /* libsqlite3.dylib */; };
		1706B1D61AE7E97E005C63E5 /* AudioToolbox.framework in Frameworks */ = {isa = PBXBuildFile; fileRef = 1706B1D51AE7E97E005C63E5 /* AudioToolbox.framework */; };
		1706B1D81AE7E99D005C63E5 /* SystemConfiguration.framework in Frameworks */ = {isa = PBXBuildFile; fileRef = 1706B1D71AE7E99D005C63E5 /* SystemConfiguration.framework */; };
		1706B1DB1AE7E9F6005C63E5 /* MobileCoreServices.framework in Frameworks */ = {isa = PBXBuildFile; fileRef = 1706B1DA1AE7E9F6005C63E5 /* MobileCoreServices.framework */; };
		1706B1E01AE7FA15005C63E5 /* VideoList.m in Sources */ = {isa = PBXBuildFile; fileRef = 1706B1DF1AE7FA15005C63E5 /* VideoList.m */; };
		170C51921AEB37C300F23E51 /* VideoPlayer.m in Sources */ = {isa = PBXBuildFile; fileRef = 170C51911AEB37C300F23E51 /* VideoPlayer.m */; };
		170C51981AEB3DBC00F23E51 /* NL_EventFeed.m in Sources */ = {isa = PBXBuildFile; fileRef = 170C51971AEB3DBC00F23E51 /* NL_EventFeed.m */; };
		170C519C1AEB724D00F23E51 /* MediaPlayer.framework in Frameworks */ = {isa = PBXBuildFile; fileRef = 170C519B1AEB724D00F23E51 /* MediaPlayer.framework */; };
		170C519F1AEB799100F23E51 /* Fighters.m in Sources */ = {isa = PBXBuildFile; fileRef = 170C519E1AEB799100F23E51 /* Fighters.m */; };
		170C51A21AEB876B00F23E51 /* FighterStats.m in Sources */ = {isa = PBXBuildFile; fileRef = 170C51A11AEB876B00F23E51 /* FighterStats.m */; };
		170FC6DB1AF2F8E4005F997B /* AppIcon60x60.png in Resources */ = {isa = PBXBuildFile; fileRef = 170FC6D91AF2F8E4005F997B /* AppIcon60x60.png */; };
		170FC6DC1AF2F8E4005F997B /* AppIcon120x120.png in Resources */ = {isa = PBXBuildFile; fileRef = 170FC6DA1AF2F8E4005F997B /* AppIcon120x120.png */; };
		177501D31AC395FD00ACECBA /* main.m in Sources */ = {isa = PBXBuildFile; fileRef = 177501D21AC395FD00ACECBA /* main.m */; };
		177501D61AC395FD00ACECBA /* AppDelegate.m in Sources */ = {isa = PBXBuildFile; fileRef = 177501D51AC395FD00ACECBA /* AppDelegate.m */; };
		177501DE1AC395FD00ACECBA /* Images.xcassets in Resources */ = {isa = PBXBuildFile; fileRef = 177501DD1AC395FD00ACECBA /* Images.xcassets */; };
		177501ED1AC395FD00ACECBA /* Iron_Boy_PromotionsTests.m in Sources */ = {isa = PBXBuildFile; fileRef = 177501EC1AC395FD00ACECBA /* Iron_Boy_PromotionsTests.m */; };
		1775020A1AC3975200ACECBA /* NL_AdCustomParams.m in Sources */ = {isa = PBXBuildFile; fileRef = 177501F91AC3975200ACECBA /* NL_AdCustomParams.m */; };
		1775020B1AC3975200ACECBA /* NL_Devices.m in Sources */ = {isa = PBXBuildFile; fileRef = 177501FB1AC3975200ACECBA /* NL_Devices.m */; };
		1775020C1AC3975200ACECBA /* NL_Events.m in Sources */ = {isa = PBXBuildFile; fileRef = 177501FD1AC3975200ACECBA /* NL_Events.m */; };
		1775020D1AC3975200ACECBA /* NL_Follow.m in Sources */ = {isa = PBXBuildFile; fileRef = 177501FF1AC3975200ACECBA /* NL_Follow.m */; };
		1775020E1AC3975200ACECBA /* NL_Picture.m in Sources */ = {isa = PBXBuildFile; fileRef = 177502011AC3975200ACECBA /* NL_Picture.m */; };
		1775020F1AC3975200ACECBA /* NL_PlanInfo.m in Sources */ = {isa = PBXBuildFile; fileRef = 177502031AC3975200ACECBA /* NL_PlanInfo.m */; };
		177502101AC3975200ACECBA /* NL_Account.m in Sources */ = {isa = PBXBuildFile; fileRef = 177502051AC3975200ACECBA /* NL_Account.m */; };
		177502111AC3975200ACECBA /* NL_Event.m in Sources */ = {isa = PBXBuildFile; fileRef = 177502091AC3975200ACECBA /* NL_Event.m */; };
		1788B9241AD59282006F625F /* FeaturedPosters.m in Sources */ = {isa = PBXBuildFile; fileRef = 1788B9231AD59282006F625F /* FeaturedPosters.m */; };
		17BCECEB1B0904020075FF2F /* Parse.framework in Frameworks */ = {isa = PBXBuildFile; fileRef = 17BCECEA1B0904020075FF2F /* Parse.framework */; };
		17D0339D1B08FD1700DB0CBB /* Bolts.framework in Frameworks */ = {isa = PBXBuildFile; fileRef = 17D0339B1B08FD1700DB0CBB /* Bolts.framework */; };
/* End PBXBuildFile section */

/* Begin PBXContainerItemProxy section */
		177501E71AC395FD00ACECBA /* PBXContainerItemProxy */ = {
			isa = PBXContainerItemProxy;
			containerPortal = 177501C51AC395FC00ACECBA /* Project object */;
			proxyType = 1;
			remoteGlobalIDString = 177501CC1AC395FC00ACECBA;
			remoteInfo = "Iron Boy Promotions";
		};
/* End PBXContainerItemProxy section */

/* Begin PBXFileReference section */
		1706B1D31AE7E915005C63E5 /* libsqlite3.dylib */ = {isa = PBXFileReference; lastKnownFileType = "compiled.mach-o.dylib"; name = libsqlite3.dylib; path = usr/lib/libsqlite3.dylib; sourceTree = SDKROOT; };
		1706B1D51AE7E97E005C63E5 /* AudioToolbox.framework */ = {isa = PBXFileReference; lastKnownFileType = wrapper.framework; name = AudioToolbox.framework; path = System/Library/Frameworks/AudioToolbox.framework; sourceTree = SDKROOT; };
		1706B1D71AE7E99D005C63E5 /* SystemConfiguration.framework */ = {isa = PBXFileReference; lastKnownFileType = wrapper.framework; name = SystemConfiguration.framework; path = System/Library/Frameworks/SystemConfiguration.framework; sourceTree = SDKROOT; };
		1706B1DA1AE7E9F6005C63E5 /* MobileCoreServices.framework */ = {isa = PBXFileReference; lastKnownFileType = wrapper.framework; name = MobileCoreServices.framework; path = System/Library/Frameworks/MobileCoreServices.framework; sourceTree = SDKROOT; };
		1706B1DE1AE7FA15005C63E5 /* VideoList.h */ = {isa = PBXFileReference; fileEncoding = 4; lastKnownFileType = sourcecode.c.h; name = VideoList.h; path = "Tab Views/VideoList.h"; sourceTree = "<group>"; };
		1706B1DF1AE7FA15005C63E5 /* VideoList.m */ = {isa = PBXFileReference; fileEncoding = 4; lastKnownFileType = sourcecode.c.objc; name = VideoList.m; path = "Tab Views/VideoList.m"; sourceTree = "<group>"; };
		170C51901AEB37C300F23E51 /* VideoPlayer.h */ = {isa = PBXFileReference; fileEncoding = 4; lastKnownFileType = sourcecode.c.h; path = VideoPlayer.h; sourceTree = "<group>"; };
		170C51911AEB37C300F23E51 /* VideoPlayer.m */ = {isa = PBXFileReference; fileEncoding = 4; lastKnownFileType = sourcecode.c.objc; path = VideoPlayer.m; sourceTree = "<group>"; };
		170C51961AEB3DBC00F23E51 /* NL_EventFeed.h */ = {isa = PBXFileReference; fileEncoding = 4; lastKnownFileType = sourcecode.c.h; path = NL_EventFeed.h; sourceTree = "<group>"; };
		170C51971AEB3DBC00F23E51 /* NL_EventFeed.m */ = {isa = PBXFileReference; fileEncoding = 4; lastKnownFileType = sourcecode.c.objc; path = NL_EventFeed.m; sourceTree = "<group>"; };
		170C519B1AEB724D00F23E51 /* MediaPlayer.framework */ = {isa = PBXFileReference; lastKnownFileType = wrapper.framework; name = MediaPlayer.framework; path = System/Library/Frameworks/MediaPlayer.framework; sourceTree = SDKROOT; };
		170C519D1AEB799100F23E51 /* Fighters.h */ = {isa = PBXFileReference; fileEncoding = 4; lastKnownFileType = sourcecode.c.h; name = Fighters.h; path = "Tab Views/Fighters.h"; sourceTree = "<group>"; };
		170C519E1AEB799100F23E51 /* Fighters.m */ = {isa = PBXFileReference; fileEncoding = 4; lastKnownFileType = sourcecode.c.objc; name = Fighters.m; path = "Tab Views/Fighters.m"; sourceTree = "<group>"; };
		170C51A01AEB876B00F23E51 /* FighterStats.h */ = {isa = PBXFileReference; fileEncoding = 4; lastKnownFileType = sourcecode.c.h; path = FighterStats.h; sourceTree = "<group>"; };
		170C51A11AEB876B00F23E51 /* FighterStats.m */ = {isa = PBXFileReference; fileEncoding = 4; lastKnownFileType = sourcecode.c.objc; path = FighterStats.m; sourceTree = "<group>"; };
		170FC6D91AF2F8E4005F997B /* AppIcon60x60.png */ = {isa = PBXFileReference; lastKnownFileType = image.png; path = AppIcon60x60.png; sourceTree = "<group>"; };
		170FC6DA1AF2F8E4005F997B /* AppIcon120x120.png */ = {isa = PBXFileReference; lastKnownFileType = image.png; path = AppIcon120x120.png; sourceTree = "<group>"; };
		177501CD1AC395FC00ACECBA /* Iron Boy Promotions.app */ = {isa = PBXFileReference; explicitFileType = wrapper.application; includeInIndex = 0; path = "Iron Boy Promotions.app"; sourceTree = BUILT_PRODUCTS_DIR; };
		177501D11AC395FD00ACECBA /* Info.plist */ = {isa = PBXFileReference; lastKnownFileType = text.plist.xml; path = Info.plist; sourceTree = "<group>"; };
		177501D21AC395FD00ACECBA /* main.m */ = {isa = PBXFileReference; lastKnownFileType = sourcecode.c.objc; path = main.m; sourceTree = "<group>"; };
		177501D41AC395FD00ACECBA /* AppDelegate.h */ = {isa = PBXFileReference; lastKnownFileType = sourcecode.c.h; path = AppDelegate.h; sourceTree = "<group>"; };
		177501D51AC395FD00ACECBA /* AppDelegate.m */ = {isa = PBXFileReference; lastKnownFileType = sourcecode.c.objc; path = AppDelegate.m; sourceTree = "<group>"; };
		177501DD1AC395FD00ACECBA /* Images.xcassets */ = {isa = PBXFileReference; lastKnownFileType = folder.assetcatalog; path = Images.xcassets; sourceTree = "<group>"; };
		177501E61AC395FD00ACECBA /* Iron Boy PromotionsTests.xctest */ = {isa = PBXFileReference; explicitFileType = wrapper.cfbundle; includeInIndex = 0; path = "Iron Boy PromotionsTests.xctest"; sourceTree = BUILT_PRODUCTS_DIR; };
		177501EB1AC395FD00ACECBA /* Info.plist */ = {isa = PBXFileReference; lastKnownFileType = text.plist.xml; path = Info.plist; sourceTree = "<group>"; };
		177501EC1AC395FD00ACECBA /* Iron_Boy_PromotionsTests.m */ = {isa = PBXFileReference; lastKnownFileType = sourcecode.c.objc; path = Iron_Boy_PromotionsTests.m; sourceTree = "<group>"; };
		177501F81AC3975200ACECBA /* NL_AdCustomParams.h */ = {isa = PBXFileReference; fileEncoding = 4; lastKnownFileType = sourcecode.c.h; path = NL_AdCustomParams.h; sourceTree = "<group>"; };
		177501F91AC3975200ACECBA /* NL_AdCustomParams.m */ = {isa = PBXFileReference; fileEncoding = 4; lastKnownFileType = sourcecode.c.objc; path = NL_AdCustomParams.m; sourceTree = "<group>"; };
		177501FA1AC3975200ACECBA /* NL_Devices.h */ = {isa = PBXFileReference; fileEncoding = 4; lastKnownFileType = sourcecode.c.h; path = NL_Devices.h; sourceTree = "<group>"; };
		177501FB1AC3975200ACECBA /* NL_Devices.m */ = {isa = PBXFileReference; fileEncoding = 4; lastKnownFileType = sourcecode.c.objc; path = NL_Devices.m; sourceTree = "<group>"; };
		177501FC1AC3975200ACECBA /* NL_Events.h */ = {isa = PBXFileReference; fileEncoding = 4; lastKnownFileType = sourcecode.c.h; path = NL_Events.h; sourceTree = "<group>"; };
		177501FD1AC3975200ACECBA /* NL_Events.m */ = {isa = PBXFileReference; fileEncoding = 4; lastKnownFileType = sourcecode.c.objc; path = NL_Events.m; sourceTree = "<group>"; };
		177501FE1AC3975200ACECBA /* NL_Follow.h */ = {isa = PBXFileReference; fileEncoding = 4; lastKnownFileType = sourcecode.c.h; path = NL_Follow.h; sourceTree = "<group>"; };
		177501FF1AC3975200ACECBA /* NL_Follow.m */ = {isa = PBXFileReference; fileEncoding = 4; lastKnownFileType = sourcecode.c.objc; path = NL_Follow.m; sourceTree = "<group>"; };
		177502001AC3975200ACECBA /* NL_Picture.h */ = {isa = PBXFileReference; fileEncoding = 4; lastKnownFileType = sourcecode.c.h; path = NL_Picture.h; sourceTree = "<group>"; };
		177502011AC3975200ACECBA /* NL_Picture.m */ = {isa = PBXFileReference; fileEncoding = 4; lastKnownFileType = sourcecode.c.objc; path = NL_Picture.m; sourceTree = "<group>"; };
		177502021AC3975200ACECBA /* NL_PlanInfo.h */ = {isa = PBXFileReference; fileEncoding = 4; lastKnownFileType = sourcecode.c.h; path = NL_PlanInfo.h; sourceTree = "<group>"; };
		177502031AC3975200ACECBA /* NL_PlanInfo.m */ = {isa = PBXFileReference; fileEncoding = 4; lastKnownFileType = sourcecode.c.objc; path = NL_PlanInfo.m; sourceTree = "<group>"; };
		177502041AC3975200ACECBA /* NL_Account.h */ = {isa = PBXFileReference; fileEncoding = 4; lastKnownFileType = sourcecode.c.h; path = NL_Account.h; sourceTree = "<group>"; };
		177502051AC3975200ACECBA /* NL_Account.m */ = {isa = PBXFileReference; fileEncoding = 4; lastKnownFileType = sourcecode.c.objc; path = NL_Account.m; sourceTree = "<group>"; };
		177502061AC3975200ACECBA /* NL_API.h */ = {isa = PBXFileReference; fileEncoding = 4; lastKnownFileType = sourcecode.c.h; path = NL_API.h; sourceTree = "<group>"; };
		177502071AC3975200ACECBA /* NL_Endpoints.h */ = {isa = PBXFileReference; fileEncoding = 4; lastKnownFileType = sourcecode.c.h; path = NL_Endpoints.h; sourceTree = "<group>"; };
		177502081AC3975200ACECBA /* NL_Event.h */ = {isa = PBXFileReference; fileEncoding = 4; lastKnownFileType = sourcecode.c.h; path = NL_Event.h; sourceTree = "<group>"; };
		177502091AC3975200ACECBA /* NL_Event.m */ = {isa = PBXFileReference; fileEncoding = 4; lastKnownFileType = sourcecode.c.objc; path = NL_Event.m; sourceTree = "<group>"; };
		1788B9221AD59282006F625F /* FeaturedPosters.h */ = {isa = PBXFileReference; fileEncoding = 4; lastKnownFileType = sourcecode.c.h; name = FeaturedPosters.h; path = "Tab Views/FeaturedPosters.h"; sourceTree = "<group>"; };
		1788B9231AD59282006F625F /* FeaturedPosters.m */ = {isa = PBXFileReference; fileEncoding = 4; lastKnownFileType = sourcecode.c.objc; name = FeaturedPosters.m; path = "Tab Views/FeaturedPosters.m"; sourceTree = "<group>"; };
		17BCECEA1B0904020075FF2F /* Parse.framework */ = {isa = PBXFileReference; lastKnownFileType = wrapper.framework; path = Parse.framework; sourceTree = "<group>"; };
		17D0339B1B08FD1700DB0CBB /* Bolts.framework */ = {isa = PBXFileReference; lastKnownFileType = wrapper.framework; path = Bolts.framework; sourceTree = "<group>"; };
/* End PBXFileReference section */

/* Begin PBXFrameworksBuildPhase section */
		177501CA1AC395FC00ACECBA /* Frameworks */ = {
			isa = PBXFrameworksBuildPhase;
			buildActionMask = 2147483647;
			files = (
				170C519C1AEB724D00F23E51 /* MediaPlayer.framework in Frameworks */,
				1706B1DB1AE7E9F6005C63E5 /* MobileCoreServices.framework in Frameworks */,
				1706B1D81AE7E99D005C63E5 /* SystemConfiguration.framework in Frameworks */,
				17BCECEB1B0904020075FF2F /* Parse.framework in Frameworks */,
				17D0339D1B08FD1700DB0CBB /* Bolts.framework in Frameworks */,
				1706B1D61AE7E97E005C63E5 /* AudioToolbox.framework in Frameworks */,
				1706B1D41AE7E915005C63E5 /* libsqlite3.dylib in Frameworks */,
			);
			runOnlyForDeploymentPostprocessing = 0;
		};
		177501E31AC395FD00ACECBA /* Frameworks */ = {
			isa = PBXFrameworksBuildPhase;
			buildActionMask = 2147483647;
			files = (
			);
			runOnlyForDeploymentPostprocessing = 0;
		};
/* End PBXFrameworksBuildPhase section */

/* Begin PBXGroup section */
		1706B1D91AE7E9AE005C63E5 /* Frameworks */ = {
			isa = PBXGroup;
			children = (
				17BCECEA1B0904020075FF2F /* Parse.framework */,
				17D0339B1B08FD1700DB0CBB /* Bolts.framework */,
				170C519B1AEB724D00F23E51 /* MediaPlayer.framework */,
				1706B1DA1AE7E9F6005C63E5 /* MobileCoreServices.framework */,
				1706B1D31AE7E915005C63E5 /* libsqlite3.dylib */,
				1706B1D71AE7E99D005C63E5 /* SystemConfiguration.framework */,
				1706B1D51AE7E97E005C63E5 /* AudioToolbox.framework */,
			);
			name = Frameworks;
			sourceTree = "<group>";
		};
		177501C41AC395FC00ACECBA = {
			isa = PBXGroup;
			children = (
				177501CF1AC395FC00ACECBA /* Iron Boy Promotions */,
				177501E91AC395FD00ACECBA /* Iron Boy PromotionsTests */,
				177501CE1AC395FC00ACECBA /* Products */,
			);
			sourceTree = "<group>";
		};
		177501CE1AC395FC00ACECBA /* Products */ = {
			isa = PBXGroup;
			children = (
				177501CD1AC395FC00ACECBA /* Iron Boy Promotions.app */,
				177501E61AC395FD00ACECBA /* Iron Boy PromotionsTests.xctest */,
			);
			name = Products;
			sourceTree = "<group>";
		};
		177501CF1AC395FC00ACECBA /* Iron Boy Promotions */ = {
			isa = PBXGroup;
			children = (
				177501D41AC395FD00ACECBA /* AppDelegate.h */,
				177501D51AC395FD00ACECBA /* AppDelegate.m */,
				1788B9261AD59290006F625F /* Tab Views */,
				170C51901AEB37C300F23E51 /* VideoPlayer.h */,
				170C51911AEB37C300F23E51 /* VideoPlayer.m */,
				170C51A01AEB876B00F23E51 /* FighterStats.h */,
				170C51A11AEB876B00F23E51 /* FighterStats.m */,
				177501DD1AC395FD00ACECBA /* Images.xcassets */,
				177501D01AC395FC00ACECBA /* Supporting Files */,
			);
			path = "Iron Boy Promotions";
			sourceTree = "<group>";
		};
		177501D01AC395FC00ACECBA /* Supporting Files */ = {
			isa = PBXGroup;
			children = (
				170FC6D91AF2F8E4005F997B /* AppIcon60x60.png */,
				170FC6DA1AF2F8E4005F997B /* AppIcon120x120.png */,
				1706B1D91AE7E9AE005C63E5 /* Frameworks */,
				177501F61AC3975200ACECBA /* NL_API */,
				177501D11AC395FD00ACECBA /* Info.plist */,
				177501D21AC395FD00ACECBA /* main.m */,
			);
			name = "Supporting Files";
			sourceTree = "<group>";
		};
		177501E91AC395FD00ACECBA /* Iron Boy PromotionsTests */ = {
			isa = PBXGroup;
			children = (
				177501EC1AC395FD00ACECBA /* Iron_Boy_PromotionsTests.m */,
				177501EA1AC395FD00ACECBA /* Supporting Files */,
			);
			path = "Iron Boy PromotionsTests";
			sourceTree = "<group>";
		};
		177501EA1AC395FD00ACECBA /* Supporting Files */ = {
			isa = PBXGroup;
			children = (
				177501EB1AC395FD00ACECBA /* Info.plist */,
			);
			name = "Supporting Files";
			sourceTree = "<group>";
		};
		177501F61AC3975200ACECBA /* NL_API */ = {
			isa = PBXGroup;
			children = (
				177501F71AC3975200ACECBA /* Custom Property Subclasses */,
				177502041AC3975200ACECBA /* NL_Account.h */,
				177502051AC3975200ACECBA /* NL_Account.m */,
				177502061AC3975200ACECBA /* NL_API.h */,
				177502071AC3975200ACECBA /* NL_Endpoints.h */,
				177502081AC3975200ACECBA /* NL_Event.h */,
				177502091AC3975200ACECBA /* NL_Event.m */,
			);
			name = NL_API;
			path = "../../../iOS-New-Livestream-API/API Explorer/API Explorer/NL_API";
			sourceTree = "<group>";
		};
		177501F71AC3975200ACECBA /* Custom Property Subclasses */ = {
			isa = PBXGroup;
			children = (
				177501F81AC3975200ACECBA /* NL_AdCustomParams.h */,
				177501F91AC3975200ACECBA /* NL_AdCustomParams.m */,
				177501FA1AC3975200ACECBA /* NL_Devices.h */,
				177501FB1AC3975200ACECBA /* NL_Devices.m */,
				177501FC1AC3975200ACECBA /* NL_Events.h */,
				177501FD1AC3975200ACECBA /* NL_Events.m */,
				177501FE1AC3975200ACECBA /* NL_Follow.h */,
				177501FF1AC3975200ACECBA /* NL_Follow.m */,
				177502001AC3975200ACECBA /* NL_Picture.h */,
				177502011AC3975200ACECBA /* NL_Picture.m */,
				177502021AC3975200ACECBA /* NL_PlanInfo.h */,
				177502031AC3975200ACECBA /* NL_PlanInfo.m */,
				170C51961AEB3DBC00F23E51 /* NL_EventFeed.h */,
				170C51971AEB3DBC00F23E51 /* NL_EventFeed.m */,
			);
			path = "Custom Property Subclasses";
			sourceTree = "<group>";
		};
		1788B9261AD59290006F625F /* Tab Views */ = {
			isa = PBXGroup;
			children = (
				1788B9221AD59282006F625F /* FeaturedPosters.h */,
				1788B9231AD59282006F625F /* FeaturedPosters.m */,
				1706B1DE1AE7FA15005C63E5 /* VideoList.h */,
				1706B1DF1AE7FA15005C63E5 /* VideoList.m */,
				170C519D1AEB799100F23E51 /* Fighters.h */,
				170C519E1AEB799100F23E51 /* Fighters.m */,
			);
			name = "Tab Views";
			sourceTree = "<group>";
		};
/* End PBXGroup section */

/* Begin PBXNativeTarget section */
		177501CC1AC395FC00ACECBA /* Iron Boy Promotions */ = {
			isa = PBXNativeTarget;
			buildConfigurationList = 177501F01AC395FD00ACECBA /* Build configuration list for PBXNativeTarget "Iron Boy Promotions" */;
			buildPhases = (
				177501C91AC395FC00ACECBA /* Sources */,
				177501CA1AC395FC00ACECBA /* Frameworks */,
				177501CB1AC395FC00ACECBA /* Resources */,
			);
			buildRules = (
			);
			dependencies = (
			);
			name = "Iron Boy Promotions";
			productName = "Iron Boy Promotions";
			productReference = 177501CD1AC395FC00ACECBA /* Iron Boy Promotions.app */;
			productType = "com.apple.product-type.application";
		};
		177501E51AC395FD00ACECBA /* Iron Boy PromotionsTests */ = {
			isa = PBXNativeTarget;
			buildConfigurationList = 177501F31AC395FD00ACECBA /* Build configuration list for PBXNativeTarget "Iron Boy PromotionsTests" */;
			buildPhases = (
				177501E21AC395FD00ACECBA /* Sources */,
				177501E31AC395FD00ACECBA /* Frameworks */,
				177501E41AC395FD00ACECBA /* Resources */,
			);
			buildRules = (
			);
			dependencies = (
				177501E81AC395FD00ACECBA /* PBXTargetDependency */,
			);
			name = "Iron Boy PromotionsTests";
			productName = "Iron Boy PromotionsTests";
			productReference = 177501E61AC395FD00ACECBA /* Iron Boy PromotionsTests.xctest */;
			productType = "com.apple.product-type.bundle.unit-test";
		};
/* End PBXNativeTarget section */

/* Begin PBXProject section */
		177501C51AC395FC00ACECBA /* Project object */ = {
			isa = PBXProject;
			attributes = {
				LastUpgradeCheck = 0620;
				ORGANIZATIONNAME = "Tech Genius";
				TargetAttributes = {
					177501CC1AC395FC00ACECBA = {
						CreatedOnToolsVersion = 6.2;
						DevelopmentTeam = 5M6RYD88SV;
					};
					177501E51AC395FD00ACECBA = {
						CreatedOnToolsVersion = 6.2;
						TestTargetID = 177501CC1AC395FC00ACECBA;
					};
				};
			};
			buildConfigurationList = 177501C81AC395FC00ACECBA /* Build configuration list for PBXProject "Iron Boy Promotions" */;
			compatibilityVersion = "Xcode 3.2";
			developmentRegion = English;
			hasScannedForEncodings = 0;
			knownRegions = (
				en,
				Base,
			);
			mainGroup = 177501C41AC395FC00ACECBA;
			productRefGroup = 177501CE1AC395FC00ACECBA /* Products */;
			projectDirPath = "";
			projectRoot = "";
			targets = (
				177501CC1AC395FC00ACECBA /* Iron Boy Promotions */,
				177501E51AC395FD00ACECBA /* Iron Boy PromotionsTests */,
			);
		};
/* End PBXProject section */

/* Begin PBXResourcesBuildPhase section */
		177501CB1AC395FC00ACECBA /* Resources */ = {
			isa = PBXResourcesBuildPhase;
			buildActionMask = 2147483647;
			files = (
				177501DE1AC395FD00ACECBA /* Images.xcassets in Resources */,
				170FC6DB1AF2F8E4005F997B /* AppIcon60x60.png in Resources */,
				170FC6DC1AF2F8E4005F997B /* AppIcon120x120.png in Resources */,
			);
			runOnlyForDeploymentPostprocessing = 0;
		};
		177501E41AC395FD00ACECBA /* Resources */ = {
			isa = PBXResourcesBuildPhase;
			buildActionMask = 2147483647;
			files = (
			);
			runOnlyForDeploymentPostprocessing = 0;
		};
/* End PBXResourcesBuildPhase section */

/* Begin PBXSourcesBuildPhase section */
		177501C91AC395FC00ACECBA /* Sources */ = {
			isa = PBXSourcesBuildPhase;
			buildActionMask = 2147483647;
			files = (
				1775020F1AC3975200ACECBA /* NL_PlanInfo.m in Sources */,
				170C51A21AEB876B00F23E51 /* FighterStats.m in Sources */,
				170C519F1AEB799100F23E51 /* Fighters.m in Sources */,
				1706B1E01AE7FA15005C63E5 /* VideoList.m in Sources */,
				177502101AC3975200ACECBA /* NL_Account.m in Sources */,
				1775020E1AC3975200ACECBA /* NL_Picture.m in Sources */,
				1775020D1AC3975200ACECBA /* NL_Follow.m in Sources */,
				177502111AC3975200ACECBA /* NL_Event.m in Sources */,
				1775020A1AC3975200ACECBA /* NL_AdCustomParams.m in Sources */,
				1788B9241AD59282006F625F /* FeaturedPosters.m in Sources */,
				170C51981AEB3DBC00F23E51 /* NL_EventFeed.m in Sources */,
				177501D61AC395FD00ACECBA /* AppDelegate.m in Sources */,
				177501D31AC395FD00ACECBA /* main.m in Sources */,
				1775020C1AC3975200ACECBA /* NL_Events.m in Sources */,
				170C51921AEB37C300F23E51 /* VideoPlayer.m in Sources */,
				1775020B1AC3975200ACECBA /* NL_Devices.m in Sources */,
			);
			runOnlyForDeploymentPostprocessing = 0;
		};
		177501E21AC395FD00ACECBA /* Sources */ = {
			isa = PBXSourcesBuildPhase;
			buildActionMask = 2147483647;
			files = (
				177501ED1AC395FD00ACECBA /* Iron_Boy_PromotionsTests.m in Sources */,
			);
			runOnlyForDeploymentPostprocessing = 0;
		};
/* End PBXSourcesBuildPhase section */

/* Begin PBXTargetDependency section */
		177501E81AC395FD00ACECBA /* PBXTargetDependency */ = {
			isa = PBXTargetDependency;
			target = 177501CC1AC395FC00ACECBA /* Iron Boy Promotions */;
			targetProxy = 177501E71AC395FD00ACECBA /* PBXContainerItemProxy */;
		};
/* End PBXTargetDependency section */

/* Begin XCBuildConfiguration section */
		177501EE1AC395FD00ACECBA /* Debug */ = {
			isa = XCBuildConfiguration;
			buildSettings = {
				ALWAYS_SEARCH_USER_PATHS = NO;
				CLANG_CXX_LANGUAGE_STANDARD = "gnu++0x";
				CLANG_CXX_LIBRARY = "libc++";
				CLANG_ENABLE_MODULES = YES;
				CLANG_ENABLE_OBJC_ARC = YES;
				CLANG_WARN_BOOL_CONVERSION = YES;
				CLANG_WARN_CONSTANT_CONVERSION = YES;
				CLANG_WARN_DIRECT_OBJC_ISA_USAGE = YES_ERROR;
				CLANG_WARN_EMPTY_BODY = YES;
				CLANG_WARN_ENUM_CONVERSION = YES;
				CLANG_WARN_INT_CONVERSION = YES;
				CLANG_WARN_OBJC_ROOT_CLASS = YES_ERROR;
				CLANG_WARN_UNREACHABLE_CODE = YES;
				CLANG_WARN__DUPLICATE_METHOD_MATCH = YES;
				CODE_SIGN_IDENTITY = "iPhone Developer";
				"CODE_SIGN_IDENTITY[sdk=iphoneos*]" = "iPhone Developer";
				COPY_PHASE_STRIP = NO;
				ENABLE_STRICT_OBJC_MSGSEND = YES;
				GCC_C_LANGUAGE_STANDARD = gnu99;
				GCC_DYNAMIC_NO_PIC = NO;
				GCC_OPTIMIZATION_LEVEL = 0;
				GCC_PREPROCESSOR_DEFINITIONS = (
					"DEBUG=1",
					"$(inherited)",
				);
				GCC_SYMBOLS_PRIVATE_EXTERN = NO;
				GCC_WARN_64_TO_32_BIT_CONVERSION = YES;
				GCC_WARN_ABOUT_RETURN_TYPE = YES_ERROR;
				GCC_WARN_UNDECLARED_SELECTOR = YES;
				GCC_WARN_UNINITIALIZED_AUTOS = YES_AGGRESSIVE;
				GCC_WARN_UNUSED_FUNCTION = YES;
				GCC_WARN_UNUSED_VARIABLE = YES;
				IPHONEOS_DEPLOYMENT_TARGET = 7.0;
				MTL_ENABLE_DEBUG_INFO = YES;
				ONLY_ACTIVE_ARCH = YES;
				SDKROOT = iphoneos;
				TARGETED_DEVICE_FAMILY = "1,2";
			};
			name = Debug;
		};
		177501EF1AC395FD00ACECBA /* Release */ = {
			isa = XCBuildConfiguration;
			buildSettings = {
				ALWAYS_SEARCH_USER_PATHS = NO;
				CLANG_CXX_LANGUAGE_STANDARD = "gnu++0x";
				CLANG_CXX_LIBRARY = "libc++";
				CLANG_ENABLE_MODULES = YES;
				CLANG_ENABLE_OBJC_ARC = YES;
				CLANG_WARN_BOOL_CONVERSION = YES;
				CLANG_WARN_CONSTANT_CONVERSION = YES;
				CLANG_WARN_DIRECT_OBJC_ISA_USAGE = YES_ERROR;
				CLANG_WARN_EMPTY_BODY = YES;
				CLANG_WARN_ENUM_CONVERSION = YES;
				CLANG_WARN_INT_CONVERSION = YES;
				CLANG_WARN_OBJC_ROOT_CLASS = YES_ERROR;
				CLANG_WARN_UNREACHABLE_CODE = YES;
				CLANG_WARN__DUPLICATE_METHOD_MATCH = YES;
				CODE_SIGN_IDENTITY = "iPhone Distribution";
				"CODE_SIGN_IDENTITY[sdk=iphoneos*]" = "iPhone Distribution";
				COPY_PHASE_STRIP = NO;
				ENABLE_NS_ASSERTIONS = NO;
				ENABLE_STRICT_OBJC_MSGSEND = YES;
				GCC_C_LANGUAGE_STANDARD = gnu99;
				GCC_WARN_64_TO_32_BIT_CONVERSION = YES;
				GCC_WARN_ABOUT_RETURN_TYPE = YES_ERROR;
				GCC_WARN_UNDECLARED_SELECTOR = YES;
				GCC_WARN_UNINITIALIZED_AUTOS = YES_AGGRESSIVE;
				GCC_WARN_UNUSED_FUNCTION = YES;
				GCC_WARN_UNUSED_VARIABLE = YES;
				IPHONEOS_DEPLOYMENT_TARGET = 7.0;
				MTL_ENABLE_DEBUG_INFO = NO;
				SDKROOT = iphoneos;
				TARGETED_DEVICE_FAMILY = "1,2";
				VALIDATE_PRODUCT = YES;
			};
			name = Release;
		};
		177501F11AC395FD00ACECBA /* Debug */ = {
			isa = XCBuildConfiguration;
			buildSettings = {
				ALWAYS_SEARCH_USER_PATHS = NO;
				ASSETCATALOG_COMPILER_APPICON_NAME = AppIcon;
				ASSETCATALOG_COMPILER_LAUNCHIMAGE_NAME = LaunchImage;
				CODE_SIGN_IDENTITY = "iPhone Developer";
				FRAMEWORK_SEARCH_PATHS = (
					"$(inherited)",
					"$(PROJECT_DIR)",
					"$(PROJECT_DIR)/Iron",
					Boy,
					Promotions,
				);
				INFOPLIST_FILE = "Iron Boy Promotions/Info.plist";
				LD_RUNPATH_SEARCH_PATHS = "$(inherited) @executable_path/Frameworks";
				PRODUCT_NAME = "$(TARGET_NAME)";
			};
			name = Debug;
		};
		177501F21AC395FD00ACECBA /* Release */ = {
			isa = XCBuildConfiguration;
			buildSettings = {
				ALWAYS_SEARCH_USER_PATHS = NO;
				ASSETCATALOG_COMPILER_APPICON_NAME = AppIcon;
				ASSETCATALOG_COMPILER_LAUNCHIMAGE_NAME = LaunchImage;
				CODE_SIGN_IDENTITY = "iPhone Distribution";
				"CODE_SIGN_IDENTITY[sdk=iphoneos*]" = "iPhone Developer";
				FRAMEWORK_SEARCH_PATHS = (
					"$(inherited)",
					"$(PROJECT_DIR)",
					"$(PROJECT_DIR)/Iron",
					Boy,
					Promotions,
				);
				INFOPLIST_FILE = "Iron Boy Promotions/Info.plist";
				LD_RUNPATH_SEARCH_PATHS = "$(inherited) @executable_path/Frameworks";
				PRODUCT_NAME = "$(TARGET_NAME)";
			};
			name = Release;
		};
		177501F41AC395FD00ACECBA /* Debug */ = {
			isa = XCBuildConfiguration;
			buildSettings = {
				BUNDLE_LOADER = "$(TEST_HOST)";
				FRAMEWORK_SEARCH_PATHS = (
					"$(SDKROOT)/Developer/Library/Frameworks",
					"$(inherited)",
				);
				GCC_PREPROCESSOR_DEFINITIONS = (
					"DEBUG=1",
					"$(inherited)",
				);
				INFOPLIST_FILE = "Iron Boy PromotionsTests/Info.plist";
				LD_RUNPATH_SEARCH_PATHS = "$(inherited) @executable_path/Frameworks @loader_path/Frameworks";
				PRODUCT_NAME = "$(TARGET_NAME)";
				TEST_HOST = "$(BUILT_PRODUCTS_DIR)/Iron Boy Promotions.app/Iron Boy Promotions";
			};
			name = Debug;
		};
		177501F51AC395FD00ACECBA /* Release */ = {
			isa = XCBuildConfiguration;
			buildSettings = {
				BUNDLE_LOADER = "$(TEST_HOST)";
				FRAMEWORK_SEARCH_PATHS = (
					"$(SDKROOT)/Developer/Library/Frameworks",
					"$(inherited)",
				);
				INFOPLIST_FILE = "Iron Boy PromotionsTests/Info.plist";
				LD_RUNPATH_SEARCH_PATHS = "$(inherited) @executable_path/Frameworks @loader_path/Frameworks";
				PRODUCT_NAME = "$(TARGET_NAME)";
				TEST_HOST = "$(BUILT_PRODUCTS_DIR)/Iron Boy Promotions.app/Iron Boy Promotions";
			};
			name = Release;
		};
/* End XCBuildConfiguration section */

/* Begin XCConfigurationList section */
		177501C81AC395FC00ACECBA /* Build configuration list for PBXProject "Iron Boy Promotions" */ = {
			isa = XCConfigurationList;
			buildConfigurations = (
				177501EE1AC395FD00ACECBA /* Debug */,
				177501EF1AC395FD00ACECBA /* Release */,
			);
			defaultConfigurationIsVisible = 0;
			defaultConfigurationName = Release;
		};
		177501F01AC395FD00ACECBA /* Build configuration list for PBXNativeTarget "Iron Boy Promotions" */ = {
			isa = XCConfigurationList;
			buildConfigurations = (
				177501F11AC395FD00ACECBA /* Debug */,
				177501F21AC395FD00ACECBA /* Release */,
			);
			defaultConfigurationIsVisible = 0;
			defaultConfigurationName = Release;
		};
		177501F31AC395FD00ACECBA /* Build configuration list for PBXNativeTarget "Iron Boy PromotionsTests" */ = {
			isa = XCConfigurationList;
			buildConfigurations = (
				177501F41AC395FD00ACECBA /* Debug */,
				177501F51AC395FD00ACECBA /* Release */,
			);
			defaultConfigurationIsVisible = 0;
			defaultConfigurationName = Release;
		};
/* End XCConfigurationList section */
	};
	rootObject = 177501C51AC395FC00ACECBA /* Project object */;
}
